{
  "object": {
    "pins": [
      {
        "package": "MovieAppData",
        "repositoryURL": "https://github.com/fiveagency/MovieAppData",
        "state": {
          "branch": null,
          "revision": "cab48135221d3cbfbde766d2f2d74207489f7209",
          "version": "1.0.0"
        }
      }
    ]
  },
  "version": 1
}
